{
  "nodes": {
    "nixpkgs": {
      "locked": {
        "lastModified": 1791594108,
        "narHash": "sha256-V0WmebqwEeAVZMqxfv7Dq7hpKkPPM19W50xQf3D1Kf4=",
        "rev": "6510408d147d8c5e6d76043e899e9251756f6a75",
        "type": "tarball",
        "url": "https://releases.nixos.org/nixos/unstable/nixos-26.11pre1089111.6510408d147d/nixexprs.tar.zst"
      },
      "original": {
        "type": "tarball",
        "url": "https://channels.nixos.org/nixos-unstable/nixexprs.tar.zst"
      }
    },
    "root": {
      "inputs": {
        "nixpkgs": "nixpkgs"
      }
    }
  },
  "root": "root",
  "version": 7
}
